{
    "version": 3,
    "terraform_version": "0.11.6",
    "serial": 11,
    "lineage": "ccad3c49-bf39-ec41-7e9c-2b70ae48e2ed",
    "modules": [
        {
            "path": [
                "root"
            ],
            "outputs": {},
            "resources": {
                "aws_eip.terra_NAT_eip": {
                    "type": "aws_eip",
                    "depends_on": [],
                    "primary": {
                        "id": "eipalloc-74f3c65a",
                        "attributes": {
                            "association_id": "",
                            "domain": "vpc",
                            "id": "eipalloc-74f3c65a",
                            "instance": "",
                            "network_interface": "",
                            "private_ip": "",
                            "public_ip": "35.178.52.84",
                            "tags.%": "0",
                            "vpc": "true"
                        },
                        "meta": {
                            "e2bfb730-ecaa-11e6-8f88-34363bc7c4c0": {
                                "delete": 180000000000,
                                "read": 900000000000,
                                "update": 300000000000
                            }
                        },
                        "tainted": false
                    },
                    "deposed": [],
                    "provider": "provider.aws"
                },
                "aws_instance.terra_private": {
                    "type": "aws_instance",
                    "depends_on": [
                        "aws_security_group.terra_priv-sg",
                        "aws_subnet.terra_priv",
                        "data.aws_ami.ubuntu"
                    ],
                    "primary": {
                        "id": "i-0df13d62cbfa55c51",
                        "attributes": {
                            "ami": "ami-248d6d43",
                            "associate_public_ip_address": "false",
                            "availability_zone": "eu-west-2a",
                            "disable_api_termination": "false",
                            "ebs_block_device.#": "0",
                            "ebs_optimized": "false",
                            "ephemeral_block_device.#": "0",
                            "get_password_data": "false",
                            "iam_instance_profile": "",
                            "id": "i-0df13d62cbfa55c51",
                            "instance_state": "running",
                            "instance_type": "t2.micro",
                            "ipv6_addresses.#": "0",
                            "key_name": "",
                            "monitoring": "false",
                            "network_interface.#": "0",
                            "network_interface_id": "eni-0e54ac5a",
                            "password_data": "",
                            "placement_group": "",
                            "primary_network_interface_id": "eni-0e54ac5a",
                            "private_dns": "ip-42-1-2-43.eu-west-2.compute.internal",
                            "private_ip": "42.1.2.43",
                            "public_dns": "",
                            "public_ip": "",
                            "root_block_device.#": "1",
                            "root_block_device.0.delete_on_termination": "true",
                            "root_block_device.0.iops": "100",
                            "root_block_device.0.volume_id": "vol-0d6933a72d50a8a81",
                            "root_block_device.0.volume_size": "8",
                            "root_block_device.0.volume_type": "gp2",
                            "security_groups.#": "0",
                            "source_dest_check": "true",
                            "subnet_id": "subnet-1b39cd61",
                            "tags.%": "1",
                            "tags.Name": "terra_private",
                            "tenancy": "default",
                            "volume_tags.%": "0",
                            "vpc_security_group_ids.#": "1",
                            "vpc_security_group_ids.380723624": "sg-cee91ba5"
                        },
                        "meta": {
                            "e2bfb730-ecaa-11e6-8f88-34363bc7c4c0": {
                                "create": 600000000000,
                                "delete": 1200000000000,
                                "update": 600000000000
                            },
                            "schema_version": "1"
                        },
                        "tainted": false
                    },
                    "deposed": [],
                    "provider": "provider.aws"
                },
                "aws_instance.terra_public": {
                    "type": "aws_instance",
                    "depends_on": [
                        "aws_security_group.terra_pub-sg",
                        "aws_subnet.terra_pub",
                        "data.aws_ami.ubuntu"
                    ],
                    "primary": {
                        "id": "i-03583ba82525c1815",
                        "attributes": {
                            "ami": "ami-248d6d43",
                            "associate_public_ip_address": "true",
                            "availability_zone": "eu-west-2a",
                            "disable_api_termination": "false",
                            "ebs_block_device.#": "0",
                            "ebs_optimized": "false",
                            "ephemeral_block_device.#": "0",
                            "get_password_data": "false",
                            "iam_instance_profile": "",
                            "id": "i-03583ba82525c1815",
                            "instance_state": "running",
                            "instance_type": "t2.micro",
                            "ipv6_addresses.#": "0",
                            "key_name": "",
                            "monitoring": "false",
                            "network_interface.#": "0",
                            "network_interface_id": "eni-0d54ac59",
                            "password_data": "",
                            "placement_group": "",
                            "primary_network_interface_id": "eni-0d54ac59",
                            "private_dns": "ip-42-1-1-200.eu-west-2.compute.internal",
                            "private_ip": "42.1.1.200",
                            "public_dns": "ec2-35-177-127-171.eu-west-2.compute.amazonaws.com",
                            "public_ip": "35.177.127.171",
                            "root_block_device.#": "1",
                            "root_block_device.0.delete_on_termination": "true",
                            "root_block_device.0.iops": "100",
                            "root_block_device.0.volume_id": "vol-08427050b1dd55113",
                            "root_block_device.0.volume_size": "8",
                            "root_block_device.0.volume_type": "gp2",
                            "security_groups.#": "0",
                            "source_dest_check": "true",
                            "subnet_id": "subnet-1a39cd60",
                            "tags.%": "1",
                            "tags.Name": "terra_public",
                            "tenancy": "default",
                            "volume_tags.%": "0",
                            "vpc_security_group_ids.#": "1",
                            "vpc_security_group_ids.1442448754": "sg-ffe81a94"
                        },
                        "meta": {
                            "e2bfb730-ecaa-11e6-8f88-34363bc7c4c0": {
                                "create": 600000000000,
                                "delete": 1200000000000,
                                "update": 600000000000
                            },
                            "schema_version": "1"
                        },
                        "tainted": false
                    },
                    "deposed": [],
                    "provider": "provider.aws"
                },
                "aws_internet_gateway.terra-igw": {
                    "type": "aws_internet_gateway",
                    "depends_on": [
                        "aws_vpc.terra_VPC"
                    ],
                    "primary": {
                        "id": "igw-7640641f",
                        "attributes": {
                            "id": "igw-7640641f",
                            "tags.%": "1",
                            "tags.Name": "My Internet Gateway",
                            "vpc_id": "vpc-9c29fdf4"
                        },
                        "meta": {},
                        "tainted": false
                    },
                    "deposed": [],
                    "provider": "provider.aws"
                },
                "aws_nat_gateway.terra_nat": {
                    "type": "aws_nat_gateway",
                    "depends_on": [
                        "aws_eip.terra_NAT_eip",
                        "aws_subnet.terra_pub"
                    ],
                    "primary": {
                        "id": "nat-09f9a29e427262c8b",
                        "attributes": {
                            "allocation_id": "eipalloc-74f3c65a",
                            "id": "nat-09f9a29e427262c8b",
                            "network_interface_id": "eni-9f51a9cb",
                            "private_ip": "42.1.1.173",
                            "public_ip": "35.178.52.84",
                            "subnet_id": "subnet-1a39cd60",
                            "tags.%": "0"
                        },
                        "meta": {},
                        "tainted": false
                    },
                    "deposed": [],
                    "provider": "provider.aws"
                },
                "aws_route.nat_route": {
                    "type": "aws_route",
                    "depends_on": [
                        "aws_nat_gateway.terra_nat",
                        "aws_route_table.terra_private_route_table"
                    ],
                    "primary": {
                        "id": "r-rtb-f5962f9d1080289494",
                        "attributes": {
                            "destination_cidr_block": "0.0.0.0/0",
                            "destination_prefix_list_id": "",
                            "egress_only_gateway_id": "",
                            "gateway_id": "",
                            "id": "r-rtb-f5962f9d1080289494",
                            "instance_id": "",
                            "instance_owner_id": "",
                            "nat_gateway_id": "nat-09f9a29e427262c8b",
                            "network_interface_id": "",
                            "origin": "CreateRoute",
                            "route_table_id": "rtb-f5962f9d",
                            "state": "active",
                            "vpc_peering_connection_id": ""
                        },
                        "meta": {
                            "e2bfb730-ecaa-11e6-8f88-34363bc7c4c0": {
                                "create": 120000000000,
                                "delete": 300000000000
                            }
                        },
                        "tainted": false
                    },
                    "deposed": [],
                    "provider": "provider.aws"
                },
                "aws_route.route": {
                    "type": "aws_route",
                    "depends_on": [
                        "aws_internet_gateway.terra-igw",
                        "aws_route_table.terra_public_route_table"
                    ],
                    "primary": {
                        "id": "r-rtb-b0942dd81080289494",
                        "attributes": {
                            "destination_cidr_block": "0.0.0.0/0",
                            "destination_prefix_list_id": "",
                            "egress_only_gateway_id": "",
                            "gateway_id": "igw-7640641f",
                            "id": "r-rtb-b0942dd81080289494",
                            "instance_id": "",
                            "instance_owner_id": "",
                            "nat_gateway_id": "",
                            "network_interface_id": "",
                            "origin": "CreateRoute",
                            "route_table_id": "rtb-b0942dd8",
                            "state": "active",
                            "vpc_peering_connection_id": ""
                        },
                        "meta": {
                            "e2bfb730-ecaa-11e6-8f88-34363bc7c4c0": {
                                "create": 120000000000,
                                "delete": 300000000000
                            }
                        },
                        "tainted": false
                    },
                    "deposed": [],
                    "provider": "provider.aws"
                },
                "aws_route_table.terra_private_route_table": {
                    "type": "aws_route_table",
                    "depends_on": [
                        "aws_vpc.terra_VPC"
                    ],
                    "primary": {
                        "id": "rtb-f5962f9d",
                        "attributes": {
                            "id": "rtb-f5962f9d",
                            "propagating_vgws.#": "0",
                            "route.#": "0",
                            "tags.%": "1",
                            "tags.Name": "tr private route table",
                            "vpc_id": "vpc-9c29fdf4"
                        },
                        "meta": {},
                        "tainted": false
                    },
                    "deposed": [],
                    "provider": "provider.aws"
                },
                "aws_route_table.terra_public_route_table": {
                    "type": "aws_route_table",
                    "depends_on": [
                        "aws_vpc.terra_VPC"
                    ],
                    "primary": {
                        "id": "rtb-b0942dd8",
                        "attributes": {
                            "id": "rtb-b0942dd8",
                            "propagating_vgws.#": "0",
                            "route.#": "0",
                            "tags.%": "1",
                            "tags.Name": "tr public route table",
                            "vpc_id": "vpc-9c29fdf4"
                        },
                        "meta": {},
                        "tainted": false
                    },
                    "deposed": [],
                    "provider": "provider.aws"
                },
                "aws_route_table_association.terra_private_association": {
                    "type": "aws_route_table_association",
                    "depends_on": [
                        "aws_route_table.terra_private_route_table",
                        "aws_subnet.terra_priv"
                    ],
                    "primary": {
                        "id": "rtbassoc-49005e21",
                        "attributes": {
                            "id": "rtbassoc-49005e21",
                            "route_table_id": "rtb-f5962f9d",
                            "subnet_id": "subnet-1b39cd61"
                        },
                        "meta": {},
                        "tainted": false
                    },
                    "deposed": [],
                    "provider": "provider.aws"
                },
                "aws_route_table_association.terra_public_association": {
                    "type": "aws_route_table_association",
                    "depends_on": [
                        "aws_route_table.terra_public_route_table",
                        "aws_subnet.terra_pub"
                    ],
                    "primary": {
                        "id": "rtbassoc-f9005e91",
                        "attributes": {
                            "id": "rtbassoc-f9005e91",
                            "route_table_id": "rtb-b0942dd8",
                            "subnet_id": "subnet-1a39cd60"
                        },
                        "meta": {},
                        "tainted": false
                    },
                    "deposed": [],
                    "provider": "provider.aws"
                },
                "aws_security_group.terra_priv-sg": {
                    "type": "aws_security_group",
                    "depends_on": [
                        "aws_vpc.terra_VPC"
                    ],
                    "primary": {
                        "id": "sg-cee91ba5",
                        "attributes": {
                            "arn": "arn:aws:ec2:eu-west-2:428924800516:security-group/sg-cee91ba5",
                            "description": "My terra private Security Group",
                            "egress.#": "0",
                            "id": "sg-cee91ba5",
                            "ingress.#": "1",
                            "ingress.2541437006.cidr_blocks.#": "1",
                            "ingress.2541437006.cidr_blocks.0": "0.0.0.0/0",
                            "ingress.2541437006.description": "",
                            "ingress.2541437006.from_port": "22",
                            "ingress.2541437006.ipv6_cidr_blocks.#": "0",
                            "ingress.2541437006.protocol": "tcp",
                            "ingress.2541437006.security_groups.#": "0",
                            "ingress.2541437006.self": "false",
                            "ingress.2541437006.to_port": "22",
                            "name": "terra priv-sg",
                            "owner_id": "428924800516",
                            "revoke_rules_on_delete": "false",
                            "tags.%": "1",
                            "tags.Name": "My terra private Security Group",
                            "vpc_id": "vpc-9c29fdf4"
                        },
                        "meta": {
                            "e2bfb730-ecaa-11e6-8f88-34363bc7c4c0": {
                                "create": 600000000000,
                                "delete": 600000000000
                            },
                            "schema_version": "1"
                        },
                        "tainted": false
                    },
                    "deposed": [],
                    "provider": "provider.aws"
                },
                "aws_security_group.terra_pub-sg": {
                    "type": "aws_security_group",
                    "depends_on": [
                        "aws_vpc.terra_VPC"
                    ],
                    "primary": {
                        "id": "sg-ffe81a94",
                        "attributes": {
                            "arn": "arn:aws:ec2:eu-west-2:428924800516:security-group/sg-ffe81a94",
                            "description": "My terra public Security Group",
                            "egress.#": "0",
                            "id": "sg-ffe81a94",
                            "ingress.#": "1",
                            "ingress.2541437006.cidr_blocks.#": "1",
                            "ingress.2541437006.cidr_blocks.0": "0.0.0.0/0",
                            "ingress.2541437006.description": "",
                            "ingress.2541437006.from_port": "22",
                            "ingress.2541437006.ipv6_cidr_blocks.#": "0",
                            "ingress.2541437006.protocol": "tcp",
                            "ingress.2541437006.security_groups.#": "0",
                            "ingress.2541437006.self": "false",
                            "ingress.2541437006.to_port": "22",
                            "name": "terra pub-sg",
                            "owner_id": "428924800516",
                            "revoke_rules_on_delete": "false",
                            "tags.%": "1",
                            "tags.Name": "My terra public Security Group",
                            "vpc_id": "vpc-9c29fdf4"
                        },
                        "meta": {
                            "e2bfb730-ecaa-11e6-8f88-34363bc7c4c0": {
                                "create": 600000000000,
                                "delete": 600000000000
                            },
                            "schema_version": "1"
                        },
                        "tainted": false
                    },
                    "deposed": [],
                    "provider": "provider.aws"
                },
                "aws_subnet.terra_priv": {
                    "type": "aws_subnet",
                    "depends_on": [
                        "aws_vpc.terra_VPC"
                    ],
                    "primary": {
                        "id": "subnet-1b39cd61",
                        "attributes": {
                            "assign_ipv6_address_on_creation": "false",
                            "availability_zone": "eu-west-2a",
                            "cidr_block": "42.1.2.0/24",
                            "id": "subnet-1b39cd61",
                            "map_public_ip_on_launch": "false",
                            "tags.%": "1",
                            "tags.Name": "terra private Subnet",
                            "vpc_id": "vpc-9c29fdf4"
                        },
                        "meta": {
                            "schema_version": "1"
                        },
                        "tainted": false
                    },
                    "deposed": [],
                    "provider": "provider.aws"
                },
                "aws_subnet.terra_pub": {
                    "type": "aws_subnet",
                    "depends_on": [
                        "aws_vpc.terra_VPC"
                    ],
                    "primary": {
                        "id": "subnet-1a39cd60",
                        "attributes": {
                            "assign_ipv6_address_on_creation": "false",
                            "availability_zone": "eu-west-2a",
                            "cidr_block": "42.1.1.0/24",
                            "id": "subnet-1a39cd60",
                            "map_public_ip_on_launch": "true",
                            "tags.%": "1",
                            "tags.Name": "terra public Subnet",
                            "vpc_id": "vpc-9c29fdf4"
                        },
                        "meta": {
                            "schema_version": "1"
                        },
                        "tainted": false
                    },
                    "deposed": [],
                    "provider": "provider.aws"
                },
                "aws_vpc.terra_VPC": {
                    "type": "aws_vpc",
                    "depends_on": [],
                    "primary": {
                        "id": "vpc-9c29fdf4",
                        "attributes": {
                            "assign_generated_ipv6_cidr_block": "false",
                            "cidr_block": "42.1.0.0/16",
                            "default_network_acl_id": "acl-e2238b8a",
                            "default_route_table_id": "rtb-0a893062",
                            "default_security_group_id": "sg-16ef1d7d",
                            "dhcp_options_id": "dopt-8e08dce6",
                            "enable_dns_hostnames": "true",
                            "enable_dns_support": "true",
                            "id": "vpc-9c29fdf4",
                            "instance_tenancy": "default",
                            "main_route_table_id": "rtb-0a893062",
                            "tags.%": "1",
                            "tags.Name": "terra_VPC"
                        },
                        "meta": {
                            "schema_version": "1"
                        },
                        "tainted": false
                    },
                    "deposed": [],
                    "provider": "provider.aws"
                },
                "data.aws_ami.ubuntu": {
                    "type": "aws_ami",
                    "depends_on": [],
                    "primary": {
                        "id": "ami-248d6d43",
                        "attributes": {
                            "architecture": "x86_64",
                            "block_device_mappings.#": "3",
                            "block_device_mappings.1634610537.device_name": "/dev/sdb",
                            "block_device_mappings.1634610537.ebs.%": "0",
                            "block_device_mappings.1634610537.no_device": "",
                            "block_device_mappings.1634610537.virtual_name": "ephemeral0",
                            "block_device_mappings.2547816212.device_name": "/dev/sda1",
                            "block_device_mappings.2547816212.ebs.%": "6",
                            "block_device_mappings.2547816212.ebs.delete_on_termination": "true",
                            "block_device_mappings.2547816212.ebs.encrypted": "false",
                            "block_device_mappings.2547816212.ebs.iops": "0",
                            "block_device_mappings.2547816212.ebs.snapshot_id": "snap-03599723501cd1ef8",
                            "block_device_mappings.2547816212.ebs.volume_size": "8",
                            "block_device_mappings.2547816212.ebs.volume_type": "gp2",
                            "block_device_mappings.2547816212.no_device": "",
                            "block_device_mappings.2547816212.virtual_name": "",
                            "block_device_mappings.3850042718.device_name": "/dev/sdc",
                            "block_device_mappings.3850042718.ebs.%": "0",
                            "block_device_mappings.3850042718.no_device": "",
                            "block_device_mappings.3850042718.virtual_name": "ephemeral1",
                            "creation_date": "2018-04-09T13:58:43.000Z",
                            "description": "Canonical, Ubuntu, 14.04 LTS, amd64 trusty image build on 2018-04-04",
                            "filter.#": "2",
                            "filter.4182425345.name": "name",
                            "filter.4182425345.values.#": "1",
                            "filter.4182425345.values.0": "ubuntu/images/hvm-ssd/ubuntu-trusty-14.04-amd64-server-*",
                            "filter.490168357.name": "virtualization-type",
                            "filter.490168357.values.#": "1",
                            "filter.490168357.values.0": "hvm",
                            "hypervisor": "xen",
                            "id": "ami-248d6d43",
                            "image_id": "ami-248d6d43",
                            "image_location": "099720109477/ubuntu/images/hvm-ssd/ubuntu-trusty-14.04-amd64-server-20180404",
                            "image_type": "machine",
                            "most_recent": "true",
                            "name": "ubuntu/images/hvm-ssd/ubuntu-trusty-14.04-amd64-server-20180404",
                            "owner_id": "099720109477",
                            "owners.#": "1",
                            "owners.0": "099720109477",
                            "product_codes.#": "0",
                            "public": "true",
                            "root_device_name": "/dev/sda1",
                            "root_device_type": "ebs",
                            "root_snapshot_id": "snap-03599723501cd1ef8",
                            "sriov_net_support": "simple",
                            "state": "available",
                            "state_reason.%": "2",
                            "state_reason.code": "UNSET",
                            "state_reason.message": "UNSET",
                            "tags.%": "0",
                            "virtualization_type": "hvm"
                        },
                        "meta": {},
                        "tainted": false
                    },
                    "deposed": [],
                    "provider": "provider.aws"
                }
            },
            "depends_on": []
        }
    ]
}
